{
  "name": "snapdrop",
  "version": "1.0.0",
  "lockfileVersion": 1,
  "requires": true,
  "dependencies": {
    "ua-parser-js": {
      "version": "0.7.33",
      "resolved": "https://registry.npmjs.org/ua-parser-js/-/ua-parser-js-0.7.33.tgz",
      "integrity": "sha512-s8ax/CeZdK9R/56Sui0WM6y9OFREJarMRHqLB2EwkovemBxNQ+Bqu8GAsUnVcXKgphb++ghr/B2BZx4mahujPw=="
    },
    "unique-names-generator": {
      "version": "4.3.0",
      "resolved": "https://registry.npmjs.org/unique-names-generator/-/unique-names-generator-4.3.0.tgz",
      "integrity": "sha512-uNX6jVFjBXfZtsc7B8jVPJ3QdfCF/Sjde4gxsy3rNQmHuWGFarnU7IFGdxZKJ4h4uRjANQc6rG7GiGolRW9fgA=="
    },
    "ws": {
      "version": "7.3.1",
      "resolved": "https://registry.npmjs.org/ws/-/ws-7.3.1.tgz",
      "integrity": "sha512-D3RuNkynyHmEJIpD2qrgVkc9DQ23OrN/moAwZX4L8DfvszsJxpjQuUq3LMx6HoYji9fbIOBY18XWBsAux1ZZUA=="
    }
  }
}
